
Microsoft Visual Studio Solution File, Format Version 12.00
# Visual Studio Version 17
VisualStudioVersion = 17.0.31919.166
MinimumVisualStudioVersion = 10.0.40219.1
Project("{FAE04EC0-301F-11D3-BF4B-00C04F79EFBC}") = "UdpClienting", "UdpClient\UdpClienting.csproj", "{D435C86A-B793-4063-9461-CEDD3EB58DE2}"
EndProject
Project("{FAE04EC0-301F-11D3-BF4B-00C04F79EFBC}") = "UdpClienting2", "UdpClienting2\UdpClienting2.csproj", "{BBD1F062-B097-448D-9625-F2FFC2A09A97}"
EndProject
Project("{FAE04EC0-301F-11D3-BF4B-00C04F79EFBC}") = "UDPChat", "UDPChat\UDPChat.csproj", "{1C92602E-E923-4351-AA8D-8B09BBACD0B5}"
EndProject
Global
	GlobalSection(SolutionConfigurationPlatforms) = preSolution
		Debug|Any CPU = Debug|Any CPU
		Release|Any CPU = Release|Any CPU
	EndGlobalSection
	GlobalSection(ProjectConfigurationPlatforms) = postSolution
		{D435C86A-B793-4063-9461-CEDD3EB58DE2}.Debug|Any CPU.ActiveCfg = Debug|Any CPU
		{D435C86A-B793-4063-9461-CEDD3EB58DE2}.Debug|Any CPU.Build.0 = Debug|Any CPU
		{D435C86A-B793-4063-9461-CEDD3EB58DE2}.Release|Any CPU.ActiveCfg = Release|Any CPU
		{D435C86A-B793-4063-9461-CEDD3EB58DE2}.Release|Any CPU.Build.0 = Release|Any CPU
		{BBD1F062-B097-448D-9625-F2FFC2A09A97}.Debug|Any CPU.ActiveCfg = Debug|Any CPU
		{BBD1F062-B097-448D-9625-F2FFC2A09A97}.Debug|Any CPU.Build.0 = Debug|Any CPU
		{BBD1F062-B097-448D-9625-F2FFC2A09A97}.Release|Any CPU.ActiveCfg = Release|Any CPU
		{BBD1F062-B097-448D-9625-F2FFC2A09A97}.Release|Any CPU.Build.0 = Release|Any CPU
		{1C92602E-E923-4351-AA8D-8B09BBACD0B5}.Debug|Any CPU.ActiveCfg = Debug|Any CPU
		{1C92602E-E923-4351-AA8D-8B09BBACD0B5}.Debug|Any CPU.Build.0 = Debug|Any CPU
		{1C92602E-E923-4351-AA8D-8B09BBACD0B5}.Release|Any CPU.ActiveCfg = Release|Any CPU
		{1C92602E-E923-4351-AA8D-8B09BBACD0B5}.Release|Any CPU.Build.0 = Release|Any CPU
	EndGlobalSection
	GlobalSection(SolutionProperties) = preSolution
		HideSolutionNode = FALSE
	EndGlobalSection
	GlobalSection(ExtensibilityGlobals) = postSolution
		SolutionGuid = {73393BE5-4908-4F1B-9070-C9FEDE7C5891}
	EndGlobalSection
EndGlobal
